// !$*UTF8*$!
{
	archiveVersion = 1;
	classes = {
	};
	objectVersion = 50;
	objects = {

/* Begin PBXBuildFile section */
		5EBE9FAE228B80100033CFCC /* DiningHallViewController.swift in Sources */ = {isa = PBXBuildFile; fileRef = 5EBE9FAB228B80100033CFCC /* DiningHallViewController.swift */; };
		5EBE9FAF228B80100033CFCC /* HomeViewController.swift in Sources */ = {isa = PBXBuildFile; fileRef = 5EBE9FAC228B80100033CFCC /* HomeViewController.swift */; };
		5EBE9FB0228B80100033CFCC /* AppDelegate.swift in Sources */ = {isa = PBXBuildFile; fileRef = 5EBE9FAD228B80100033CFCC /* AppDelegate.swift */; };
		5EBE9FB2228B85F50033CFCC /* MenuItem.swift in Sources */ = {isa = PBXBuildFile; fileRef = 5EBE9FB1228B85F50033CFCC /* MenuItem.swift */; };
		5ED705E92289F64D00D90393 /* Venue.swift in Sources */ = {isa = PBXBuildFile; fileRef = 5ED705E82289F64D00D90393 /* Venue.swift */; };
		5ED705EB228A14C400D90393 /* Meal.swift in Sources */ = {isa = PBXBuildFile; fileRef = 5ED705EA228A14C400D90393 /* Meal.swift */; };
		5EF3877B22776FFF003CEB55 /* AppDelegate.swift in Sources */ = {isa = PBXBuildFile; fileRef = 5EF3877A22776FFF003CEB55 /* AppDelegate.swift */; };
		5EF3878022776FFF003CEB55 /* Main.storyboard in Resources */ = {isa = PBXBuildFile; fileRef = 5EF3877E22776FFF003CEB55 /* Main.storyboard */; };
		5EF3878322776FFF003CEB55 /* STVE.xcdatamodeld in Sources */ = {isa = PBXBuildFile; fileRef = 5EF3878122776FFF003CEB55 /* STVE.xcdatamodeld */; };
		5EF3878522777001003CEB55 /* Assets.xcassets in Resources */ = {isa = PBXBuildFile; fileRef = 5EF3878422777001003CEB55 /* Assets.xcassets */; };
		5EF3878822777001003CEB55 /* LaunchScreen.storyboard in Resources */ = {isa = PBXBuildFile; fileRef = 5EF3878622777001003CEB55 /* LaunchScreen.storyboard */; };
		5EF3879022777031003CEB55 /* MenuParser.swift in Sources */ = {isa = PBXBuildFile; fileRef = 5EF3878F22777031003CEB55 /* MenuParser.swift */; };
		FD380DB2839FE7F28C6F4073 /* Pods_STVE.framework in Frameworks */ = {isa = PBXBuildFile; fileRef = 326E281AE427A9E90B61DED2 /* Pods_STVE.framework */; };
/* End PBXBuildFile section */

/* Begin PBXFileReference section */
		326E281AE427A9E90B61DED2 /* Pods_STVE.framework */ = {isa = PBXFileReference; explicitFileType = wrapper.framework; includeInIndex = 0; path = Pods_STVE.framework; sourceTree = BUILT_PRODUCTS_DIR; };
		5EBE9FAB228B80100033CFCC /* DiningHallViewController.swift */ = {isa = PBXFileReference; fileEncoding = 4; lastKnownFileType = sourcecode.swift; path = DiningHallViewController.swift; sourceTree = "<group>"; };
		5EBE9FAC228B80100033CFCC /* HomeViewController.swift */ = {isa = PBXFileReference; fileEncoding = 4; lastKnownFileType = sourcecode.swift; path = HomeViewController.swift; sourceTree = "<group>"; };
		5EBE9FAD228B80100033CFCC /* AppDelegate.swift */ = {isa = PBXFileReference; fileEncoding = 4; lastKnownFileType = sourcecode.swift; name = AppDelegate.swift; path = ../../../../../../../Downloads/AppDelegate.swift; sourceTree = "<group>"; };
		5EBE9FB1228B85F50033CFCC /* MenuItem.swift */ = {isa = PBXFileReference; lastKnownFileType = sourcecode.swift; path = MenuItem.swift; sourceTree = "<group>"; };
		5ED705E82289F64D00D90393 /* Venue.swift */ = {isa = PBXFileReference; fileEncoding = 4; lastKnownFileType = sourcecode.swift; path = Venue.swift; sourceTree = "<group>"; usesTabs = 1; };
		5ED705EA228A14C400D90393 /* Meal.swift */ = {isa = PBXFileReference; fileEncoding = 4; lastKnownFileType = sourcecode.swift; path = Meal.swift; sourceTree = "<group>"; usesTabs = 1; };
		5EF3877722776FFF003CEB55 /* STVE.app */ = {isa = PBXFileReference; explicitFileType = wrapper.application; includeInIndex = 0; path = STVE.app; sourceTree = BUILT_PRODUCTS_DIR; };
		5EF3877A22776FFF003CEB55 /* AppDelegate.swift */ = {isa = PBXFileReference; lastKnownFileType = sourcecode.swift; path = AppDelegate.swift; sourceTree = "<group>"; };
		5EF3877F22776FFF003CEB55 /* Base */ = {isa = PBXFileReference; lastKnownFileType = file.storyboard; name = Base; path = Base.lproj/Main.storyboard; sourceTree = "<group>"; };
		5EF3878222776FFF003CEB55 /* STVE.xcdatamodel */ = {isa = PBXFileReference; lastKnownFileType = wrapper.xcdatamodel; path = STVE.xcdatamodel; sourceTree = "<group>"; };
		5EF3878422777001003CEB55 /* Assets.xcassets */ = {isa = PBXFileReference; lastKnownFileType = folder.assetcatalog; path = Assets.xcassets; sourceTree = "<group>"; };
		5EF3878722777001003CEB55 /* Base */ = {isa = PBXFileReference; lastKnownFileType = file.storyboard; name = Base; path = Base.lproj/LaunchScreen.storyboard; sourceTree = "<group>"; };
		5EF3878922777001003CEB55 /* Info.plist */ = {isa = PBXFileReference; lastKnownFileType = text.plist.xml; path = Info.plist; sourceTree = "<group>"; };
		5EF3878F22777031003CEB55 /* MenuParser.swift */ = {isa = PBXFileReference; lastKnownFileType = sourcecode.swift; path = MenuParser.swift; sourceTree = "<group>"; usesTabs = 1; };
		B0C4E047A953875D1CF9FFCF /* Pods-STVE.debug.xcconfig */ = {isa = PBXFileReference; includeInIndex = 1; lastKnownFileType = text.xcconfig; name = "Pods-STVE.debug.xcconfig"; path = "Target Support Files/Pods-STVE/Pods-STVE.debug.xcconfig"; sourceTree = "<group>"; };
		E47D5E82987069D3ABA4783B /* Pods-STVE.release.xcconfig */ = {isa = PBXFileReference; includeInIndex = 1; lastKnownFileType = text.xcconfig; name = "Pods-STVE.release.xcconfig"; path = "Target Support Files/Pods-STVE/Pods-STVE.release.xcconfig"; sourceTree = "<group>"; };
/* End PBXFileReference section */

/* Begin PBXFrameworksBuildPhase section */
		5EF3877422776FFF003CEB55 /* Frameworks */ = {
			isa = PBXFrameworksBuildPhase;
			buildActionMask = 2147483647;
			files = (
				FD380DB2839FE7F28C6F4073 /* Pods_STVE.framework in Frameworks */,
			);
			runOnlyForDeploymentPostprocessing = 0;
		};
/* End PBXFrameworksBuildPhase section */

/* Begin PBXGroup section */
		5EF3876E22776FFE003CEB55 = {
			isa = PBXGroup;
			children = (
				5EF3877922776FFF003CEB55 /* STVE */,
				5EF3877822776FFF003CEB55 /* Products */,
				BA9914C065566EAE75C3DF88 /* Pods */,
				C0CF0DF4F2FD6E2D902B7A28 /* Frameworks */,
			);
			sourceTree = "<group>";
		};
		5EF3877822776FFF003CEB55 /* Products */ = {
			isa = PBXGroup;
			children = (
				5EF3877722776FFF003CEB55 /* STVE.app */,
			);
			name = Products;
			sourceTree = "<group>";
		};
		5EF3877922776FFF003CEB55 /* STVE */ = {
			isa = PBXGroup;
			children = (
				5EBE9FAD228B80100033CFCC /* AppDelegate.swift */,
				5EBE9FAB228B80100033CFCC /* DiningHallViewController.swift */,
				5EBE9FAC228B80100033CFCC /* HomeViewController.swift */,
				5ED705E82289F64D00D90393 /* Venue.swift */,
				5ED705EA228A14C400D90393 /* Meal.swift */,
				5EBE9FB1228B85F50033CFCC /* MenuItem.swift */,
				5EF3877A22776FFF003CEB55 /* AppDelegate.swift */,
				5EF3877E22776FFF003CEB55 /* Main.storyboard */,
				5EF3878422777001003CEB55 /* Assets.xcassets */,
				5EF3878622777001003CEB55 /* LaunchScreen.storyboard */,
				5EF3878922777001003CEB55 /* Info.plist */,
				5EF3878122776FFF003CEB55 /* STVE.xcdatamodeld */,
				5EF3878F22777031003CEB55 /* MenuParser.swift */,
			);
			path = STVE;
			sourceTree = "<group>";
		};
		BA9914C065566EAE75C3DF88 /* Pods */ = {
			isa = PBXGroup;
			children = (
				B0C4E047A953875D1CF9FFCF /* Pods-STVE.debug.xcconfig */,
				E47D5E82987069D3ABA4783B /* Pods-STVE.release.xcconfig */,
			);
			path = Pods;
			sourceTree = "<group>";
		};
		C0CF0DF4F2FD6E2D902B7A28 /* Frameworks */ = {
			isa = PBXGroup;
			children = (
				326E281AE427A9E90B61DED2 /* Pods_STVE.framework */,
			);
			name = Frameworks;
			sourceTree = "<group>";
		};
/* End PBXGroup section */

/* Begin PBXNativeTarget section */
		5EF3877622776FFF003CEB55 /* STVE */ = {
			isa = PBXNativeTarget;
			buildConfigurationList = 5EF3878C22777001003CEB55 /* Build configuration list for PBXNativeTarget "STVE" */;
			buildPhases = (
				BA35083ACC45119EB112B6E1 /* [CP] Check Pods Manifest.lock */,
				5EF3877322776FFF003CEB55 /* Sources */,
				5EF3877422776FFF003CEB55 /* Frameworks */,
				5EF3877522776FFF003CEB55 /* Resources */,
				959AAC7F80B1719F83584183 /* [CP] Embed Pods Frameworks */,
			);
			buildRules = (
			);
			dependencies = (
			);
			name = STVE;
			productName = STVE;
			productReference = 5EF3877722776FFF003CEB55 /* STVE.app */;
			productType = "com.apple.product-type.application";
		};
/* End PBXNativeTarget section */

/* Begin PBXProject section */
		5EF3876F22776FFE003CEB55 /* Project object */ = {
			isa = PBXProject;
			attributes = {
				LastSwiftUpdateCheck = 1020;
				LastUpgradeCheck = 1020;
				ORGANIZATIONNAME = "OC-CSC241";
				TargetAttributes = {
					5EF3877622776FFF003CEB55 = {
						CreatedOnToolsVersion = 10.2.1;
					};
				};
			};
			buildConfigurationList = 5EF3877222776FFE003CEB55 /* Build configuration list for PBXProject "STVE" */;
			compatibilityVersion = "Xcode 9.3";
			developmentRegion = en;
			hasScannedForEncodings = 0;
			knownRegions = (
				en,
				Base,
			);
			mainGroup = 5EF3876E22776FFE003CEB55;
			productRefGroup = 5EF3877822776FFF003CEB55 /* Products */;
			projectDirPath = "";
			projectRoot = "";
			targets = (
				5EF3877622776FFF003CEB55 /* STVE */,
			);
		};
/* End PBXProject section */

/* Begin PBXResourcesBuildPhase section */
		5EF3877522776FFF003CEB55 /* Resources */ = {
			isa = PBXResourcesBuildPhase;
			buildActionMask = 2147483647;
			files = (
				5EF3878822777001003CEB55 /* LaunchScreen.storyboard in Resources */,
				5EF3878522777001003CEB55 /* Assets.xcassets in Resources */,
				5EF3878022776FFF003CEB55 /* Main.storyboard in Resources */,
			);
			runOnlyForDeploymentPostprocessing = 0;
		};
/* End PBXResourcesBuildPhase section */

/* Begin PBXShellScriptBuildPhase section */
		959AAC7F80B1719F83584183 /* [CP] Embed Pods Frameworks */ = {
			isa = PBXShellScriptBuildPhase;
			buildActionMask = 2147483647;
			files = (
			);
			inputFileListPaths = (
			);
			inputPaths = (
				"${PODS_ROOT}/Target Support Files/Pods-STVE/Pods-STVE-frameworks.sh",
				"${BUILT_PRODUCTS_DIR}/Kanna/Kanna.framework",
			);
			name = "[CP] Embed Pods Frameworks";
			outputFileListPaths = (
			);
			outputPaths = (
				"${TARGET_BUILD_DIR}/${FRAMEWORKS_FOLDER_PATH}/Kanna.framework",
			);
			runOnlyForDeploymentPostprocessing = 0;
			shellPath = /bin/sh;
			shellScript = "\"${PODS_ROOT}/Target Support Files/Pods-STVE/Pods-STVE-frameworks.sh\"\n";
			showEnvVarsInLog = 0;
		};
		BA35083ACC45119EB112B6E1 /* [CP] Check Pods Manifest.lock */ = {
			isa = PBXShellScriptBuildPhase;
			buildActionMask = 2147483647;
			files = (
			);
			inputFileListPaths = (
			);
			inputPaths = (
				"${PODS_PODFILE_DIR_PATH}/Podfile.lock",
				"${PODS_ROOT}/Manifest.lock",
			);
			name = "[CP] Check Pods Manifest.lock";
			outputFileListPaths = (
			);
			outputPaths = (
				"$(DERIVED_FILE_DIR)/Pods-STVE-checkManifestLockResult.txt",
			);
			runOnlyForDeploymentPostprocessing = 0;
			shellPath = /bin/sh;
			shellScript = "diff \"${PODS_PODFILE_DIR_PATH}/Podfile.lock\" \"${PODS_ROOT}/Manifest.lock\" > /dev/null\nif [ $? != 0 ] ; then\n    # print error to STDERR\n    echo \"error: The sandbox is not in sync with the Podfile.lock. Run 'pod install' or update your CocoaPods installation.\" >&2\n    exit 1\nfi\n# This output is used by Xcode 'outputs' to avoid re-running this script phase.\necho \"SUCCESS\" > \"${SCRIPT_OUTPUT_FILE_0}\"\n";
			showEnvVarsInLog = 0;
		};
/* End PBXShellScriptBuildPhase section */

/* Begin PBXSourcesBuildPhase section */
		5EF3877322776FFF003CEB55 /* Sources */ = {
			isa = PBXSourcesBuildPhase;
			buildActionMask = 2147483647;
			files = (
				5EBE9FAE228B80100033CFCC /* DiningHallViewController.swift in Sources */,
				5ED705E92289F64D00D90393 /* Venue.swift in Sources */,
				5EBE9FB0228B80100033CFCC /* AppDelegate.swift in Sources */,
				5EBE9FAF228B80100033CFCC /* HomeViewController.swift in Sources */,
				5EF3879022777031003CEB55 /* MenuParser.swift in Sources */,
				5EF3878322776FFF003CEB55 /* STVE.xcdatamodeld in Sources */,
				5ED705EB228A14C400D90393 /* Meal.swift in Sources */,
				5EF3877B22776FFF003CEB55 /* AppDelegate.swift in Sources */,
				5EBE9FB2228B85F50033CFCC /* MenuItem.swift in Sources */,
			);
			runOnlyForDeploymentPostprocessing = 0;
		};
/* End PBXSourcesBuildPhase section */

/* Begin PBXVariantGroup section */
		5EF3877E22776FFF003CEB55 /* Main.storyboard */ = {
			isa = PBXVariantGroup;
			children = (
				5EF3877F22776FFF003CEB55 /* Base */,
			);
			name = Main.storyboard;
			sourceTree = "<group>";
		};
		5EF3878622777001003CEB55 /* LaunchScreen.storyboard */ = {
			isa = PBXVariantGroup;
			children = (
				5EF3878722777001003CEB55 /* Base */,
			);
			name = LaunchScreen.storyboard;
			sourceTree = "<group>";
		};
/* End PBXVariantGroup section */

/* Begin XCBuildConfiguration section */
		5EF3878A22777001003CEB55 /* Debug */ = {
			isa = XCBuildConfiguration;
			buildSettings = {
				ALWAYS_SEARCH_USER_PATHS = NO;
				CLANG_ANALYZER_NONNULL = YES;
				CLANG_ANALYZER_NUMBER_OBJECT_CONVERSION = YES_AGGRESSIVE;
				CLANG_CXX_LANGUAGE_STANDARD = "gnu++14";
				CLANG_CXX_LIBRARY = "libc++";
				CLANG_ENABLE_MODULES = YES;
				CLANG_ENABLE_OBJC_ARC = YES;
				CLANG_ENABLE_OBJC_WEAK = YES;
				CLANG_WARN_BLOCK_CAPTURE_AUTORELEASING = YES;
				CLANG_WARN_BOOL_CONVERSION = YES;
				CLANG_WARN_COMMA = YES;
				CLANG_WARN_CONSTANT_CONVERSION = YES;
				CLANG_WARN_DEPRECATED_OBJC_IMPLEMENTATIONS = YES;
				CLANG_WARN_DIRECT_OBJC_ISA_USAGE = YES_ERROR;
				CLANG_WARN_DOCUMENTATION_COMMENTS = YES;
				CLANG_WARN_EMPTY_BODY = YES;
				CLANG_WARN_ENUM_CONVERSION = YES;
				CLANG_WARN_INFINITE_RECURSION = YES;
				CLANG_WARN_INT_CONVERSION = YES;
				CLANG_WARN_NON_LITERAL_NULL_CONVERSION = YES;
				CLANG_WARN_OBJC_IMPLICIT_RETAIN_SELF = YES;
				CLANG_WARN_OBJC_LITERAL_CONVERSION = YES;
				CLANG_WARN_OBJC_ROOT_CLASS = YES_ERROR;
				CLANG_WARN_RANGE_LOOP_ANALYSIS = YES;
				CLANG_WARN_STRICT_PROTOTYPES = YES;
				CLANG_WARN_SUSPICIOUS_MOVE = YES;
				CLANG_WARN_UNGUARDED_AVAILABILITY = YES_AGGRESSIVE;
				CLANG_WARN_UNREACHABLE_CODE = YES;
				CLANG_WARN__DUPLICATE_METHOD_MATCH = YES;
				CODE_SIGN_IDENTITY = "iPhone Developer";
				COPY_PHASE_STRIP = NO;
				DEBUG_INFORMATION_FORMAT = dwarf;
				ENABLE_STRICT_OBJC_MSGSEND = YES;
				ENABLE_TESTABILITY = YES;
				GCC_C_LANGUAGE_STANDARD = gnu11;
				GCC_DYNAMIC_NO_PIC = NO;
				GCC_NO_COMMON_BLOCKS = YES;
				GCC_OPTIMIZATION_LEVEL = 0;
				GCC_PREPROCESSOR_DEFINITIONS = (
					"DEBUG=1",
					"$(inherited)",
				);
				GCC_WARN_64_TO_32_BIT_CONVERSION = YES;
				GCC_WARN_ABOUT_RETURN_TYPE = YES_ERROR;
				GCC_WARN_UNDECLARED_SELECTOR = YES;
				GCC_WARN_UNINITIALIZED_AUTOS = YES_AGGRESSIVE;
				GCC_WARN_UNUSED_FUNCTION = YES;
				GCC_WARN_UNUSED_VARIABLE = YES;
				IPHONEOS_DEPLOYMENT_TARGET = 12.2;
				MTL_ENABLE_DEBUG_INFO = INCLUDE_SOURCE;
				MTL_FAST_MATH = YES;
				ONLY_ACTIVE_ARCH = YES;
				SDKROOT = iphoneos;
				SWIFT_ACTIVE_COMPILATION_CONDITIONS = DEBUG;
				SWIFT_ENABLE_BATCH_MODE = NO;
				SWIFT_OPTIMIZATION_LEVEL = "-Onone";
			};
			name = Debug;
		};
		5EF3878B22777001003CEB55 /* Release */ = {
			isa = XCBuildConfiguration;
			buildSettings = {
				ALWAYS_SEARCH_USER_PATHS = NO;
				CLANG_ANALYZER_NONNULL = YES;
				CLANG_ANALYZER_NUMBER_OBJECT_CONVERSION = YES_AGGRESSIVE;
				CLANG_CXX_LANGUAGE_STANDARD = "gnu++14";
				CLANG_CXX_LIBRARY = "libc++";
				CLANG_ENABLE_MODULES = YES;
				CLANG_ENABLE_OBJC_ARC = YES;
				CLANG_ENABLE_OBJC_WEAK = YES;
				CLANG_WARN_BLOCK_CAPTURE_AUTORELEASING = YES;
				CLANG_WARN_BOOL_CONVERSION = YES;
				CLANG_WARN_COMMA = YES;
				CLANG_WARN_CONSTANT_CONVERSION = YES;
				CLANG_WARN_DEPRECATED_OBJC_IMPLEMENTATIONS = YES;
				CLANG_WARN_DIRECT_OBJC_ISA_USAGE = YES_ERROR;
				CLANG_WARN_DOCUMENTATION_COMMENTS = YES;
				CLANG_WARN_EMPTY_BODY = YES;
				CLANG_WARN_ENUM_CONVERSION = YES;
				CLANG_WARN_INFINITE_RECURSION = YES;
				CLANG_WARN_INT_CONVERSION = YES;
				CLANG_WARN_NON_LITERAL_NULL_CONVERSION = YES;
				CLANG_WARN_OBJC_IMPLICIT_RETAIN_SELF = YES;
				CLANG_WARN_OBJC_LITERAL_CONVERSION = YES;
				CLANG_WARN_OBJC_ROOT_CLASS = YES_ERROR;
				CLANG_WARN_RANGE_LOOP_ANALYSIS = YES;
				CLANG_WARN_STRICT_PROTOTYPES = YES;
				CLANG_WARN_SUSPICIOUS_MOVE = YES;
				CLANG_WARN_UNGUARDED_AVAILABILITY = YES_AGGRESSIVE;
				CLANG_WARN_UNREACHABLE_CODE = YES;
				CLANG_WARN__DUPLICATE_METHOD_MATCH = YES;
				CODE_SIGN_IDENTITY = "iPhone Developer";
				COPY_PHASE_STRIP = NO;
				DEBUG_INFORMATION_FORMAT = "dwarf-with-dsym";
				ENABLE_NS_ASSERTIONS = NO;
				ENABLE_STRICT_OBJC_MSGSEND = YES;
				GCC_C_LANGUAGE_STANDARD = gnu11;
				GCC_NO_COMMON_BLOCKS = YES;
				GCC_WARN_64_TO_32_BIT_CONVERSION = YES;
				GCC_WARN_ABOUT_RETURN_TYPE = YES_ERROR;
				GCC_WARN_UNDECLARED_SELECTOR = YES;
				GCC_WARN_UNINITIALIZED_AUTOS = YES_AGGRESSIVE;
				GCC_WARN_UNUSED_FUNCTION = YES;
				GCC_WARN_UNUSED_VARIABLE = YES;
				IPHONEOS_DEPLOYMENT_TARGET = 12.2;
				MTL_ENABLE_DEBUG_INFO = NO;
				MTL_FAST_MATH = YES;
				SDKROOT = iphoneos;
				SWIFT_COMPILATION_MODE = wholemodule;
				SWIFT_ENABLE_BATCH_MODE = NO;
				SWIFT_OPTIMIZATION_LEVEL = "-O";
				VALIDATE_PRODUCT = YES;
			};
			name = Release;
		};
		5EF3878D22777001003CEB55 /* Debug */ = {
			isa = XCBuildConfiguration;
			baseConfigurationReference = B0C4E047A953875D1CF9FFCF /* Pods-STVE.debug.xcconfig */;
			buildSettings = {
				ASSETCATALOG_COMPILER_APPICON_NAME = AppIcon;
				CODE_SIGN_STYLE = Automatic;
				INFOPLIST_FILE = STVE/Info.plist;
				LD_RUNPATH_SEARCH_PATHS = (
					"$(inherited)",
					"@executable_path/Frameworks",
				);
				PRODUCT_BUNDLE_IDENTIFIER = oc.cs241.STVE;
				PRODUCT_NAME = "$(TARGET_NAME)";
				SWIFT_ENABLE_BATCH_MODE = "";
				SWIFT_VERSION = 5.0;
				TARGETED_DEVICE_FAMILY = "1,2";
			};
			name = Debug;
		};
		5EF3878E22777001003CEB55 /* Release */ = {
			isa = XCBuildConfiguration;
			baseConfigurationReference = E47D5E82987069D3ABA4783B /* Pods-STVE.release.xcconfig */;
			buildSettings = {
				ASSETCATALOG_COMPILER_APPICON_NAME = AppIcon;
				CODE_SIGN_STYLE = Automatic;
				"HEADER_SEARCH_PATHS[sdk=iphoneos12.2]" = (
					"$(inherited)",
					"\"${PODS_CONFIGURATION_BUILD_DIR}/hpple/hpple.framework/Headers\"",
					"$(SDKROOT)/usr/include/libxml2",
					"\"$(SRCROOT)/Pods/Pods.xcodeproj\"/**",
				);
				INFOPLIST_FILE = STVE/Info.plist;
				LD_RUNPATH_SEARCH_PATHS = (
					"$(inherited)",
					"@executable_path/Frameworks",
				);
				PRODUCT_BUNDLE_IDENTIFIER = oc.cs241.STVE;
				PRODUCT_NAME = "$(TARGET_NAME)";
				SWIFT_ENABLE_BATCH_MODE = "";
				SWIFT_VERSION = 5.0;
				TARGETED_DEVICE_FAMILY = "1,2";
			};
			name = Release;
		};
/* End XCBuildConfiguration section */

/* Begin XCConfigurationList section */
		5EF3877222776FFE003CEB55 /* Build configuration list for PBXProject "STVE" */ = {
			isa = XCConfigurationList;
			buildConfigurations = (
				5EF3878A22777001003CEB55 /* Debug */,
				5EF3878B22777001003CEB55 /* Release */,
			);
			defaultConfigurationIsVisible = 0;
			defaultConfigurationName = Release;
		};
		5EF3878C22777001003CEB55 /* Build configuration list for PBXNativeTarget "STVE" */ = {
			isa = XCConfigurationList;
			buildConfigurations = (
				5EF3878D22777001003CEB55 /* Debug */,
				5EF3878E22777001003CEB55 /* Release */,
			);
			defaultConfigurationIsVisible = 0;
			defaultConfigurationName = Release;
		};
/* End XCConfigurationList section */

/* Begin XCVersionGroup section */
		5EF3878122776FFF003CEB55 /* STVE.xcdatamodeld */ = {
			isa = XCVersionGroup;
			children = (
				5EF3878222776FFF003CEB55 /* STVE.xcdatamodel */,
			);
			currentVersion = 5EF3878222776FFF003CEB55 /* STVE.xcdatamodel */;
			path = STVE.xcdatamodeld;
			sourceTree = "<group>";
			versionGroupType = wrapper.xcdatamodel;
		};
/* End XCVersionGroup section */
	};
	rootObject = 5EF3876F22776FFE003CEB55 /* Project object */;
}
